
Microsoft Visual Studio Solution File, Format Version 12.00
# Visual Studio 15
VisualStudioVersion = 15.0.28307.168
MinimumVisualStudioVersion = 10.0.40219.1
Project("{FAE04EC0-301F-11D3-BF4B-00C04F79EFBC}") = "PatternsDao - escobar", "PatternsDao - escobar\PatternsDao - escobar.csproj", "{16C8CBE5-683D-4952-9458-A60BF005F26C}"
EndProject
Global
	GlobalSection(SolutionConfigurationPlatforms) = preSolution
		Debug|Any CPU = Debug|Any CPU
		Release|Any CPU = Release|Any CPU
	EndGlobalSection
	GlobalSection(ProjectConfigurationPlatforms) = postSolution
		{16C8CBE5-683D-4952-9458-A60BF005F26C}.Debug|Any CPU.ActiveCfg = Debug|Any CPU
		{16C8CBE5-683D-4952-9458-A60BF005F26C}.Debug|Any CPU.Build.0 = Debug|Any CPU
		{16C8CBE5-683D-4952-9458-A60BF005F26C}.Release|Any CPU.ActiveCfg = Release|Any CPU
		{16C8CBE5-683D-4952-9458-A60BF005F26C}.Release|Any CPU.Build.0 = Release|Any CPU
	EndGlobalSection
	GlobalSection(SolutionProperties) = preSolution
		HideSolutionNode = FALSE
	EndGlobalSection
	GlobalSection(ExtensibilityGlobals) = postSolution
		SolutionGuid = {44364923-3E09-4857-A9C2-2380FAA7B964}
	EndGlobalSection
EndGlobal
